
Microsoft Visual Studio Solution File, Format Version 12.00
# Visual Studio Version 17
VisualStudioVersion = 17.5.33516.290
MinimumVisualStudioVersion = 10.0.40219.1
Project("{FAE04EC0-301F-11D3-BF4B-00C04F79EFBC}") = "Digital_Image_Analysis", "Digital_Image_Analysis\Digital_Image_Analysis.csproj", "{B1805BBB-72AE-419B-96B7-F3A201021CFB}"
EndProject
Global
	GlobalSection(SolutionConfigurationPlatforms) = preSolution
		Debug|Any CPU = Debug|Any CPU
		Release|Any CPU = Release|Any CPU
	EndGlobalSection
	GlobalSection(ProjectConfigurationPlatforms) = postSolution
		{B1805BBB-72AE-419B-96B7-F3A201021CFB}.Debug|Any CPU.ActiveCfg = Debug|Any CPU
		{B1805BBB-72AE-419B-96B7-F3A201021CFB}.Debug|Any CPU.Build.0 = Debug|Any CPU
		{B1805BBB-72AE-419B-96B7-F3A201021CFB}.Release|Any CPU.ActiveCfg = Release|Any CPU
		{B1805BBB-72AE-419B-96B7-F3A201021CFB}.Release|Any CPU.Build.0 = Release|Any CPU
	EndGlobalSection
	GlobalSection(SolutionProperties) = preSolution
		HideSolutionNode = FALSE
	EndGlobalSection
	GlobalSection(ExtensibilityGlobals) = postSolution
		SolutionGuid = {7E59F59D-B859-42FA-B592-B3B963291689}
	EndGlobalSection
EndGlobal
